
Microsoft Visual Studio Solution File, Format Version 12.00
# Visual Studio Version 17
VisualStudioVersion = 17.8.34330.188
MinimumVisualStudioVersion = 10.0.40219.1
Project("{FAE04EC0-301F-11D3-BF4B-00C04F79EFBC}") = "BorderLabs", "BorderLabs\BorderLabs.csproj", "{22992C2B-6BBA-49AD-A16D-85874C88EB56}"
EndProject
Project("{FAE04EC0-301F-11D3-BF4B-00C04F79EFBC}") = "AnimateBorder", "AnimateBorder\AnimateBorder.csproj", "{149A1A41-4234-43A3-8BE7-C0EC2B6C36DA}"
EndProject
Global
	GlobalSection(SolutionConfigurationPlatforms) = preSolution
		Debug|Any CPU = Debug|Any CPU
		Release|Any CPU = Release|Any CPU
	EndGlobalSection
	GlobalSection(ProjectConfigurationPlatforms) = postSolution
		{22992C2B-6BBA-49AD-A16D-85874C88EB56}.Debug|Any CPU.ActiveCfg = Debug|Any CPU
		{22992C2B-6BBA-49AD-A16D-85874C88EB56}.Debug|Any CPU.Build.0 = Debug|Any CPU
		{22992C2B-6BBA-49AD-A16D-85874C88EB56}.Release|Any CPU.ActiveCfg = Release|Any CPU
		{22992C2B-6BBA-49AD-A16D-85874C88EB56}.Release|Any CPU.Build.0 = Release|Any CPU
		{149A1A41-4234-43A3-8BE7-C0EC2B6C36DA}.Debug|Any CPU.ActiveCfg = Debug|Any CPU
		{149A1A41-4234-43A3-8BE7-C0EC2B6C36DA}.Debug|Any CPU.Build.0 = Debug|Any CPU
		{149A1A41-4234-43A3-8BE7-C0EC2B6C36DA}.Release|Any CPU.ActiveCfg = Release|Any CPU
		{149A1A41-4234-43A3-8BE7-C0EC2B6C36DA}.Release|Any CPU.Build.0 = Release|Any CPU
	EndGlobalSection
	GlobalSection(SolutionProperties) = preSolution
		HideSolutionNode = FALSE
	EndGlobalSection
	GlobalSection(ExtensibilityGlobals) = postSolution
		SolutionGuid = {BED10886-6C55-4793-BB43-C7621FF12B65}
	EndGlobalSection
EndGlobal
