
Microsoft Visual Studio Solution File, Format Version 12.00
# Visual Studio Version 17
VisualStudioVersion = 17.8.34330.188
MinimumVisualStudioVersion = 10.0.40219.1
Project("{9A19103F-16F7-4668-BE54-9A1E7A4F7556}") = "BorderLabs", "BorderLabs\BorderLabs.csproj", "{22992C2B-6BBA-49AD-A16D-85874C88EB56}"
EndProject
Project("{9A19103F-16F7-4668-BE54-9A1E7A4F7556}") = "AnimateBorder", "AnimateBorder\AnimateBorder.csproj", "{149A1A41-4234-43A3-8BE7-C0EC2B6C36DA}"
EndProject
Project("{FAE04EC0-301F-11D3-BF4B-00C04F79EFBC}") = "BorderLabs.Maui", "BorderLabs.Maui\BorderLabs.Maui.csproj", "{4F57A4D6-76D7-4A9F-BBA2-FE9929BE2FF5}"
EndProject
Project("{2150E333-8FDC-42A3-9474-1A3956D46DE8}") = "Sample", "Sample", "{9FD9A9DF-7E17-4E77-B39F-A3A1DE612DFF}"
EndProject
Global
	GlobalSection(SolutionConfigurationPlatforms) = preSolution
		Debug|Any CPU = Debug|Any CPU
		Release|Any CPU = Release|Any CPU
	EndGlobalSection
	GlobalSection(ProjectConfigurationPlatforms) = postSolution
		{22992C2B-6BBA-49AD-A16D-85874C88EB56}.Debug|Any CPU.ActiveCfg = Debug|Any CPU
		{22992C2B-6BBA-49AD-A16D-85874C88EB56}.Debug|Any CPU.Build.0 = Debug|Any CPU
		{22992C2B-6BBA-49AD-A16D-85874C88EB56}.Release|Any CPU.ActiveCfg = Release|Any CPU
		{22992C2B-6BBA-49AD-A16D-85874C88EB56}.Release|Any CPU.Build.0 = Release|Any CPU
		{149A1A41-4234-43A3-8BE7-C0EC2B6C36DA}.Debug|Any CPU.ActiveCfg = Debug|Any CPU
		{149A1A41-4234-43A3-8BE7-C0EC2B6C36DA}.Debug|Any CPU.Build.0 = Debug|Any CPU
		{149A1A41-4234-43A3-8BE7-C0EC2B6C36DA}.Release|Any CPU.ActiveCfg = Release|Any CPU
		{149A1A41-4234-43A3-8BE7-C0EC2B6C36DA}.Release|Any CPU.Build.0 = Release|Any CPU
		{4F57A4D6-76D7-4A9F-BBA2-FE9929BE2FF5}.Debug|Any CPU.ActiveCfg = Debug|Any CPU
		{4F57A4D6-76D7-4A9F-BBA2-FE9929BE2FF5}.Debug|Any CPU.Build.0 = Debug|Any CPU
		{4F57A4D6-76D7-4A9F-BBA2-FE9929BE2FF5}.Debug|Any CPU.Deploy.0 = Debug|Any CPU
		{4F57A4D6-76D7-4A9F-BBA2-FE9929BE2FF5}.Release|Any CPU.ActiveCfg = Release|Any CPU
		{4F57A4D6-76D7-4A9F-BBA2-FE9929BE2FF5}.Release|Any CPU.Build.0 = Release|Any CPU
		{4F57A4D6-76D7-4A9F-BBA2-FE9929BE2FF5}.Release|Any CPU.Deploy.0 = Release|Any CPU
	EndGlobalSection
	GlobalSection(SolutionProperties) = preSolution
		HideSolutionNode = FALSE
	EndGlobalSection
	GlobalSection(NestedProjects) = preSolution
		{22992C2B-6BBA-49AD-A16D-85874C88EB56} = {9FD9A9DF-7E17-4E77-B39F-A3A1DE612DFF}
		{4F57A4D6-76D7-4A9F-BBA2-FE9929BE2FF5} = {9FD9A9DF-7E17-4E77-B39F-A3A1DE612DFF}
	EndGlobalSection
	GlobalSection(ExtensibilityGlobals) = postSolution
		SolutionGuid = {BED10886-6C55-4793-BB43-C7621FF12B65}
	EndGlobalSection
EndGlobal
